{
  "name": "lightning-button",
  "version": "0.1.0",
  "lockfileVersion": 1,
  "requires": true,
  "dependencies": {
    "@stencil/core": {
      "version": "1.8.9",
      "resolved": "https://registry.npmjs.org/@stencil/core/-/core-1.8.9.tgz",
      "integrity": "sha512-XRw+4B6+T4/+hXQeKAuYH7YTCU6dfptGNY5FpgYPnJPLOdyu6AQ7oph7HIFQoQlXkJfWuAVoCpZM69vHjB9d5g==",
      "dev": true,
      "requires": {
        "typescript": "3.7.5"
      }
    },
    "@types/chrome": {
      "version": "0.0.74",
      "resolved": "https://registry.npmjs.org/@types/chrome/-/chrome-0.0.74.tgz",
      "integrity": "sha512-hzosS5CkQcIKCgxcsV2AzbJ36KNxG/Db2YEN/erEu7Boprg+KpMDLBQqKFmSo+JkQMGqRcicUyqCowJpuT+C6A==",
      "requires": {
        "@types/filesystem": "*"
      }
    },
    "@types/filesystem": {
      "version": "0.0.29",
      "resolved": "https://registry.npmjs.org/@types/filesystem/-/filesystem-0.0.29.tgz",
      "integrity": "sha512-85/1KfRedmfPGsbK8YzeaQUyV1FQAvMPMTuWFQ5EkLd2w7szhNO96bk3Rh/SKmOfd9co2rCLf0Voy4o7ECBOvw==",
      "requires": {
        "@types/filewriter": "*"
      }
    },
    "@types/filewriter": {
      "version": "0.0.28",
      "resolved": "https://registry.npmjs.org/@types/filewriter/-/filewriter-0.0.28.tgz",
      "integrity": "sha1-wFTor02d11205jq8dviFFocU1LM="
    },
    "typescript": {
      "version": "3.7.5",
      "resolved": "https://registry.npmjs.org/typescript/-/typescript-3.7.5.tgz",
      "integrity": "sha512-/P5lkRXkWHNAbcJIiHPfRoKqyd7bsyCma1hZNUGfn20qm64T6ZBlrzprymeu918H+mB/0rIg2gGK/BXkhhYgBw==",
      "dev": true
    },
    "webln": {
      "version": "0.2.1",
      "resolved": "https://registry.npmjs.org/webln/-/webln-0.2.1.tgz",
      "integrity": "sha512-1lXoKAm0XrCZdZT+GOwoYv+xpycj1KLAwwFFyj3+9WulGtzqvGjB3XLyVpmvaajjvEpP1ajFZqaXV06SbRX3Tw==",
      "requires": {
        "@types/chrome": "0.0.74"
      }
    }
  }
}
