{
  "name": "lightning-button",
  "version": "0.1.0",
  "lockfileVersion": 1,
  "requires": true,
  "dependencies": {
    "@stencil/core": {
      "version": "1.17.3",
      "resolved": "https://registry.npmjs.org/@stencil/core/-/core-1.17.3.tgz",
      "integrity": "sha512-q5joOYUPHTNa/5hEThMT/QEJ/suN8bpcYbV/LrSNsgsgHN+RJ05jCpU8VAShdUPT6WzoyF2iGgYc/EI2xeqFzw==",
      "dev": true,
      "requires": {
        "typescript": "3.9.7"
      }
    },
    "@types/chrome": {
      "version": "0.0.74",
      "resolved": "https://registry.npmjs.org/@types/chrome/-/chrome-0.0.74.tgz",
      "integrity": "sha512-hzosS5CkQcIKCgxcsV2AzbJ36KNxG/Db2YEN/erEu7Boprg+KpMDLBQqKFmSo+JkQMGqRcicUyqCowJpuT+C6A==",
      "requires": {
        "@types/filesystem": "*"
      }
    },
    "@types/filesystem": {
      "version": "0.0.29",
      "resolved": "https://registry.npmjs.org/@types/filesystem/-/filesystem-0.0.29.tgz",
      "integrity": "sha512-85/1KfRedmfPGsbK8YzeaQUyV1FQAvMPMTuWFQ5EkLd2w7szhNO96bk3Rh/SKmOfd9co2rCLf0Voy4o7ECBOvw==",
      "requires": {
        "@types/filewriter": "*"
      }
    },
    "@types/filewriter": {
      "version": "0.0.28",
      "resolved": "https://registry.npmjs.org/@types/filewriter/-/filewriter-0.0.28.tgz",
      "integrity": "sha1-wFTor02d11205jq8dviFFocU1LM="
    },
    "typescript": {
      "version": "3.9.7",
      "resolved": "https://registry.npmjs.org/typescript/-/typescript-3.9.7.tgz",
      "integrity": "sha512-BLbiRkiBzAwsjut4x/dsibSTB6yWpwT5qWmC2OfuCg3GgVQCSgMs4vEctYPhsaGtd0AeuuHMkjZ2h2WG8MSzRw==",
      "dev": true
    },
    "webln": {
      "version": "0.2.1",
      "resolved": "https://registry.npmjs.org/webln/-/webln-0.2.1.tgz",
      "integrity": "sha512-1lXoKAm0XrCZdZT+GOwoYv+xpycj1KLAwwFFyj3+9WulGtzqvGjB3XLyVpmvaajjvEpP1ajFZqaXV06SbRX3Tw==",
      "requires": {
        "@types/chrome": "0.0.74"
      }
    }
  }
}
